
Microsoft Visual Studio Solution File, Format Version 12.00
# Visual Studio Version 16
VisualStudioVersion = 16.0.30621.155
MinimumVisualStudioVersion = 10.0.40219.1
Project("{FAE04EC0-301F-11D3-BF4B-00C04F79EFBC}") = "SimplaeJenkinsProject", "SimplaeJenkinsProject\SimplaeJenkinsProject.csproj", "{4C21BC4C-18E4-4CDC-A20F-50405B6A4E89}"
EndProject
Global
	GlobalSection(SolutionConfigurationPlatforms) = preSolution
		Debug|Any CPU = Debug|Any CPU
		Release|Any CPU = Release|Any CPU
	EndGlobalSection
	GlobalSection(ProjectConfigurationPlatforms) = postSolution
		{4C21BC4C-18E4-4CDC-A20F-50405B6A4E89}.Debug|Any CPU.ActiveCfg = Debug|Any CPU
		{4C21BC4C-18E4-4CDC-A20F-50405B6A4E89}.Debug|Any CPU.Build.0 = Debug|Any CPU
		{4C21BC4C-18E4-4CDC-A20F-50405B6A4E89}.Release|Any CPU.ActiveCfg = Release|Any CPU
		{4C21BC4C-18E4-4CDC-A20F-50405B6A4E89}.Release|Any CPU.Build.0 = Release|Any CPU
	EndGlobalSection
	GlobalSection(SolutionProperties) = preSolution
		HideSolutionNode = FALSE
	EndGlobalSection
	GlobalSection(ExtensibilityGlobals) = postSolution
		SolutionGuid = {A159326A-86C9-422B-9AE6-77D8D3768DA5}
	EndGlobalSection
EndGlobal
